// !$*UTF8*$!
{
	archiveVersion = 1;
	classes = {
	};
	objectVersion = 77;
	objects = {

/* Begin PBXBuildFile section */
		79F38CAF2E96A65000C02A91 /* FirebaseAuth in Frameworks */ = {isa = PBXBuildFile; productRef = 79F38CAE2E96A65000C02A91 /* FirebaseAuth */; };
		79F38CB12E96A65000C02A91 /* FirebaseAuthCombine-Community in Frameworks */ = {isa = PBXBuildFile; productRef = 79F38CB02E96A65000C02A91 /* FirebaseAuthCombine-Community */; };
		79F38CB32E96A65000C02A91 /* FirebaseDatabase in Frameworks */ = {isa = PBXBuildFile; productRef = 79F38CB22E96A65000C02A91 /* FirebaseDatabase */; };
		79F38CB52E96A65000C02A91 /* FirebaseFirestore in Frameworks */ = {isa = PBXBuildFile; productRef = 79F38CB42E96A65000C02A91 /* FirebaseFirestore */; };
		79F38CB72E96A65000C02A91 /* FirebaseInAppMessaging-Beta in Frameworks */ = {isa = PBXBuildFile; productRef = 79F38CB62E96A65000C02A91 /* FirebaseInAppMessaging-Beta */; };
		79F38CB92E96A65000C02A91 /* FirebaseMessaging in Frameworks */ = {isa = PBXBuildFile; productRef = 79F38CB82E96A65000C02A91 /* FirebaseMessaging */; };
		79F38CBB2E96A74100C02A91 /* FirebaseAnalytics in Frameworks */ = {isa = PBXBuildFile; productRef = 79F38CBA2E96A74100C02A91 /* FirebaseAnalytics */; };
/* End PBXBuildFile section */

/* Begin PBXContainerItemProxy section */
		3F1549232E964C03005F5E80 /* PBXContainerItemProxy */ = {
			isa = PBXContainerItemProxy;
			containerPortal = 3F15490D2E964C01005F5E80 /* Project object */;
			proxyType = 1;
			remoteGlobalIDString = 3F1549142E964C01005F5E80;
			remoteInfo = frontend;
		};
		3F15492D2E964C03005F5E80 /* PBXContainerItemProxy */ = {
			isa = PBXContainerItemProxy;
			containerPortal = 3F15490D2E964C01005F5E80 /* Project object */;
			proxyType = 1;
			remoteGlobalIDString = 3F1549142E964C01005F5E80;
			remoteInfo = frontend;
		};
/* End PBXContainerItemProxy section */

/* Begin PBXFileReference section */
		3F1549152E964C01005F5E80 /* frontend.app */ = {isa = PBXFileReference; explicitFileType = wrapper.application; includeInIndex = 0; path = frontend.app; sourceTree = BUILT_PRODUCTS_DIR; };
		3F1549222E964C03005F5E80 /* frontendTests.xctest */ = {isa = PBXFileReference; explicitFileType = wrapper.cfbundle; includeInIndex = 0; path = frontendTests.xctest; sourceTree = BUILT_PRODUCTS_DIR; };
		3F15492C2E964C03005F5E80 /* frontendUITests.xctest */ = {isa = PBXFileReference; explicitFileType = wrapper.cfbundle; includeInIndex = 0; path = frontendUITests.xctest; sourceTree = BUILT_PRODUCTS_DIR; };
/* End PBXFileReference section */

/* Begin PBXFileSystemSynchronizedBuildFileExceptionSet section */
		244853A32E9D4E6C00E6DE87 /* Exceptions for "frontend" folder in "frontend" target */ = {
			isa = PBXFileSystemSynchronizedBuildFileExceptionSet;
			membershipExceptions = (
				Info.plist,
			);
			target = 3F1549142E964C01005F5E80 /* frontend */;
		};
/* End PBXFileSystemSynchronizedBuildFileExceptionSet section */

/* Begin PBXFileSystemSynchronizedRootGroup section */
		3F1549172E964C01005F5E80 /* frontend */ = {
			isa = PBXFileSystemSynchronizedRootGroup;
			exceptions = (
				244853A32E9D4E6C00E6DE87 /* Exceptions for "frontend" folder in "frontend" target */,
			);
			path = frontend;
			sourceTree = "<group>";
		};
		3F1549252E964C03005F5E80 /* frontendTests */ = {
			isa = PBXFileSystemSynchronizedRootGroup;
			path = frontendTests;
			sourceTree = "<group>";
		};
		3F15492F2E964C03005F5E80 /* frontendUITests */ = {
			isa = PBXFileSystemSynchronizedRootGroup;
			path = frontendUITests;
			sourceTree = "<group>";
		};
/* End PBXFileSystemSynchronizedRootGroup section */

/* Begin PBXFrameworksBuildPhase section */
		3F1549122E964C01005F5E80 /* Frameworks */ = {
			isa = PBXFrameworksBuildPhase;
			buildActionMask = 2147483647;
			files = (
				79F38CBB2E96A74100C02A91 /* FirebaseAnalytics in Frameworks */,
				79F38CB92E96A65000C02A91 /* FirebaseMessaging in Frameworks */,
				79F38CB32E96A65000C02A91 /* FirebaseDatabase in Frameworks */,
				79F38CB52E96A65000C02A91 /* FirebaseFirestore in Frameworks */,
				79F38CAF2E96A65000C02A91 /* FirebaseAuth in Frameworks */,
				79F38CB12E96A65000C02A91 /* FirebaseAuthCombine-Community in Frameworks */,
				79F38CB72E96A65000C02A91 /* FirebaseInAppMessaging-Beta in Frameworks */,
			);
			runOnlyForDeploymentPostprocessing = 0;
		};
		3F15491F2E964C03005F5E80 /* Frameworks */ = {
			isa = PBXFrameworksBuildPhase;
			buildActionMask = 2147483647;
			files = (
			);
			runOnlyForDeploymentPostprocessing = 0;
		};
		3F1549292E964C03005F5E80 /* Frameworks */ = {
			isa = PBXFrameworksBuildPhase;
			buildActionMask = 2147483647;
			files = (
			);
			runOnlyForDeploymentPostprocessing = 0;
		};
/* End PBXFrameworksBuildPhase section */

/* Begin PBXGroup section */
		3F15490C2E964C01005F5E80 = {
			isa = PBXGroup;
			children = (
				3F1549172E964C01005F5E80 /* frontend */,
				3F1549252E964C03005F5E80 /* frontendTests */,
				3F15492F2E964C03005F5E80 /* frontendUITests */,
				3F1549162E964C01005F5E80 /* Products */,
			);
			sourceTree = "<group>";
			usesTabs = 0;
		};
		3F1549162E964C01005F5E80 /* Products */ = {
			isa = PBXGroup;
			children = (
				3F1549152E964C01005F5E80 /* frontend.app */,
				3F1549222E964C03005F5E80 /* frontendTests.xctest */,
				3F15492C2E964C03005F5E80 /* frontendUITests.xctest */,
			);
			name = Products;
			sourceTree = "<group>";
		};
/* End PBXGroup section */

/* Begin PBXNativeTarget section */
		3F1549142E964C01005F5E80 /* frontend */ = {
			isa = PBXNativeTarget;
			buildConfigurationList = 3F1549362E964C03005F5E80 /* Build configuration list for PBXNativeTarget "frontend" */;
			buildPhases = (
				3F1549112E964C01005F5E80 /* Sources */,
				3F1549122E964C01005F5E80 /* Frameworks */,
				3F1549132E964C01005F5E80 /* Resources */,
			);
			buildRules = (
			);
			dependencies = (
			);
			fileSystemSynchronizedGroups = (
				3F1549172E964C01005F5E80 /* frontend */,
			);
			name = frontend;
			packageProductDependencies = (
				79F38CAE2E96A65000C02A91 /* FirebaseAuth */,
				79F38CB02E96A65000C02A91 /* FirebaseAuthCombine-Community */,
				79F38CB22E96A65000C02A91 /* FirebaseDatabase */,
				79F38CB42E96A65000C02A91 /* FirebaseFirestore */,
				79F38CB62E96A65000C02A91 /* FirebaseInAppMessaging-Beta */,
				79F38CB82E96A65000C02A91 /* FirebaseMessaging */,
				79F38CBA2E96A74100C02A91 /* FirebaseAnalytics */,
			);
			productName = frontend;
			productReference = 3F1549152E964C01005F5E80 /* frontend.app */;
			productType = "com.apple.product-type.application";
		};
		3F1549212E964C03005F5E80 /* frontendTests */ = {
			isa = PBXNativeTarget;
			buildConfigurationList = 3F1549392E964C03005F5E80 /* Build configuration list for PBXNativeTarget "frontendTests" */;
			buildPhases = (
				3F15491E2E964C03005F5E80 /* Sources */,
				3F15491F2E964C03005F5E80 /* Frameworks */,
				3F1549202E964C03005F5E80 /* Resources */,
			);
			buildRules = (
			);
			dependencies = (
				3F1549242E964C03005F5E80 /* PBXTargetDependency */,
			);
			fileSystemSynchronizedGroups = (
				3F1549252E964C03005F5E80 /* frontendTests */,
			);
			name = frontendTests;
			packageProductDependencies = (
			);
			productName = frontendTests;
			productReference = 3F1549222E964C03005F5E80 /* frontendTests.xctest */;
			productType = "com.apple.product-type.bundle.unit-test";
		};
		3F15492B2E964C03005F5E80 /* frontendUITests */ = {
			isa = PBXNativeTarget;
			buildConfigurationList = 3F15493C2E964C03005F5E80 /* Build configuration list for PBXNativeTarget "frontendUITests" */;
			buildPhases = (
				3F1549282E964C03005F5E80 /* Sources */,
				3F1549292E964C03005F5E80 /* Frameworks */,
				3F15492A2E964C03005F5E80 /* Resources */,
			);
			buildRules = (
			);
			dependencies = (
				3F15492E2E964C03005F5E80 /* PBXTargetDependency */,
			);
			fileSystemSynchronizedGroups = (
				3F15492F2E964C03005F5E80 /* frontendUITests */,
			);
			name = frontendUITests;
			packageProductDependencies = (
			);
			productName = frontendUITests;
			productReference = 3F15492C2E964C03005F5E80 /* frontendUITests.xctest */;
			productType = "com.apple.product-type.bundle.ui-testing";
		};
/* End PBXNativeTarget section */

/* Begin PBXProject section */
		3F15490D2E964C01005F5E80 /* Project object */ = {
			isa = PBXProject;
			attributes = {
				BuildIndependentTargetsInParallel = 1;
				LastSwiftUpdateCheck = 2600;
				LastUpgradeCheck = 2600;
				TargetAttributes = {
					3F1549142E964C01005F5E80 = {
						CreatedOnToolsVersion = 26.0.1;
					};
					3F1549212E964C03005F5E80 = {
						CreatedOnToolsVersion = 26.0.1;
						TestTargetID = 3F1549142E964C01005F5E80;
					};
					3F15492B2E964C03005F5E80 = {
						CreatedOnToolsVersion = 26.0.1;
						TestTargetID = 3F1549142E964C01005F5E80;
					};
				};
			};
			buildConfigurationList = 3F1549102E964C01005F5E80 /* Build configuration list for PBXProject "frontend" */;
			developmentRegion = en;
			hasScannedForEncodings = 0;
			knownRegions = (
				en,
				Base,
			);
			mainGroup = 3F15490C2E964C01005F5E80;
			minimizedProjectReferenceProxies = 1;
			packageReferences = (
				79F38CAD2E96A65000C02A91 /* XCRemoteSwiftPackageReference "firebase-ios-sdk" */,
			);
			preferredProjectObjectVersion = 77;
			productRefGroup = 3F1549162E964C01005F5E80 /* Products */;
			projectDirPath = "";
			projectRoot = "";
			targets = (
				3F1549142E964C01005F5E80 /* frontend */,
				3F1549212E964C03005F5E80 /* frontendTests */,
				3F15492B2E964C03005F5E80 /* frontendUITests */,
			);
		};
/* End PBXProject section */

/* Begin PBXResourcesBuildPhase section */
		3F1549132E964C01005F5E80 /* Resources */ = {
			isa = PBXResourcesBuildPhase;
			buildActionMask = 2147483647;
			files = (
			);
			runOnlyForDeploymentPostprocessing = 0;
		};
		3F1549202E964C03005F5E80 /* Resources */ = {
			isa = PBXResourcesBuildPhase;
			buildActionMask = 2147483647;
			files = (
			);
			runOnlyForDeploymentPostprocessing = 0;
		};
		3F15492A2E964C03005F5E80 /* Resources */ = {
			isa = PBXResourcesBuildPhase;
			buildActionMask = 2147483647;
			files = (
			);
			runOnlyForDeploymentPostprocessing = 0;
		};
/* End PBXResourcesBuildPhase section */

/* Begin PBXSourcesBuildPhase section */
		3F1549112E964C01005F5E80 /* Sources */ = {
			isa = PBXSourcesBuildPhase;
			buildActionMask = 2147483647;
			files = (
			);
			runOnlyForDeploymentPostprocessing = 0;
		};
		3F15491E2E964C03005F5E80 /* Sources */ = {
			isa = PBXSourcesBuildPhase;
			buildActionMask = 2147483647;
			files = (
			);
			runOnlyForDeploymentPostprocessing = 0;
		};
		3F1549282E964C03005F5E80 /* Sources */ = {
			isa = PBXSourcesBuildPhase;
			buildActionMask = 2147483647;
			files = (
			);
			runOnlyForDeploymentPostprocessing = 0;
		};
/* End PBXSourcesBuildPhase section */

/* Begin PBXTargetDependency section */
		3F1549242E964C03005F5E80 /* PBXTargetDependency */ = {
			isa = PBXTargetDependency;
			target = 3F1549142E964C01005F5E80 /* frontend */;
			targetProxy = 3F1549232E964C03005F5E80 /* PBXContainerItemProxy */;
		};
		3F15492E2E964C03005F5E80 /* PBXTargetDependency */ = {
			isa = PBXTargetDependency;
			target = 3F1549142E964C01005F5E80 /* frontend */;
			targetProxy = 3F15492D2E964C03005F5E80 /* PBXContainerItemProxy */;
		};
/* End PBXTargetDependency section */

/* Begin XCBuildConfiguration section */
		3F1549342E964C03005F5E80 /* Debug */ = {
			isa = XCBuildConfiguration;
			buildSettings = {
				ALWAYS_SEARCH_USER_PATHS = NO;
				ASSETCATALOG_COMPILER_GENERATE_SWIFT_ASSET_SYMBOL_EXTENSIONS = YES;
				CLANG_ANALYZER_NONNULL = YES;
				CLANG_ANALYZER_NUMBER_OBJECT_CONVERSION = YES_AGGRESSIVE;
				CLANG_CXX_LANGUAGE_STANDARD = "gnu++20";
				CLANG_ENABLE_MODULES = YES;
				CLANG_ENABLE_OBJC_ARC = YES;
				CLANG_ENABLE_OBJC_WEAK = YES;
				CLANG_WARN_BLOCK_CAPTURE_AUTORELEASING = YES;
				CLANG_WARN_BOOL_CONVERSION = YES;
				CLANG_WARN_COMMA = YES;
				CLANG_WARN_CONSTANT_CONVERSION = YES;
				CLANG_WARN_DEPRECATED_OBJC_IMPLEMENTATIONS = YES;
				CLANG_WARN_DIRECT_OBJC_ISA_USAGE = YES_ERROR;
				CLANG_WARN_DOCUMENTATION_COMMENTS = YES;
				CLANG_WARN_EMPTY_BODY = YES;
				CLANG_WARN_ENUM_CONVERSION = YES;
				CLANG_WARN_INFINITE_RECURSION = YES;
				CLANG_WARN_INT_CONVERSION = YES;
				CLANG_WARN_NON_LITERAL_NULL_CONVERSION = YES;
				CLANG_WARN_OBJC_IMPLICIT_RETAIN_SELF = YES;
				CLANG_WARN_OBJC_LITERAL_CONVERSION = YES;
				CLANG_WARN_OBJC_ROOT_CLASS = YES_ERROR;
				CLANG_WARN_QUOTED_INCLUDE_IN_FRAMEWORK_HEADER = YES;
				CLANG_WARN_RANGE_LOOP_ANALYSIS = YES;
				CLANG_WARN_STRICT_PROTOTYPES = YES;
				CLANG_WARN_SUSPICIOUS_MOVE = YES;
				CLANG_WARN_UNGUARDED_AVAILABILITY = YES_AGGRESSIVE;
				CLANG_WARN_UNREACHABLE_CODE = YES;
				CLANG_WARN__DUPLICATE_METHOD_MATCH = YES;
				COPY_PHASE_STRIP = NO;
				DEBUG_INFORMATION_FORMAT = dwarf;
				DEVELOPMENT_TEAM = EQZ4CWF2T4;
				ENABLE_STRICT_OBJC_MSGSEND = YES;
				ENABLE_TESTABILITY = YES;
				ENABLE_USER_SCRIPT_SANDBOXING = YES;
				GCC_C_LANGUAGE_STANDARD = gnu17;
				GCC_DYNAMIC_NO_PIC = NO;
				GCC_NO_COMMON_BLOCKS = YES;
				GCC_OPTIMIZATION_LEVEL = 0;
				GCC_PREPROCESSOR_DEFINITIONS = (
					"DEBUG=1",
					"$(inherited)",
				);
				GCC_WARN_64_TO_32_BIT_CONVERSION = YES;
				GCC_WARN_ABOUT_RETURN_TYPE = YES_ERROR;
				GCC_WARN_UNDECLARED_SELECTOR = YES;
				GCC_WARN_UNINITIALIZED_AUTOS = YES_AGGRESSIVE;
				GCC_WARN_UNUSED_FUNCTION = YES;
				GCC_WARN_UNUSED_VARIABLE = YES;
				IPHONEOS_DEPLOYMENT_TARGET = 17.0;
				LOCALIZATION_PREFERS_STRING_CATALOGS = YES;
				MTL_ENABLE_DEBUG_INFO = INCLUDE_SOURCE;
				MTL_FAST_MATH = YES;
				ONLY_ACTIVE_ARCH = YES;
				SDKROOT = iphoneos;
				SWIFT_ACTIVE_COMPILATION_CONDITIONS = "DEBUG $(inherited)";
				SWIFT_OPTIMIZATION_LEVEL = "-Onone";
			};
			name = Debug;
		};
		3F1549352E964C03005F5E80 /* Release */ = {
			isa = XCBuildConfiguration;
			buildSettings = {
				ALWAYS_SEARCH_USER_PATHS = NO;
				ASSETCATALOG_COMPILER_GENERATE_SWIFT_ASSET_SYMBOL_EXTENSIONS = YES;
				CLANG_ANALYZER_NONNULL = YES;
				CLANG_ANALYZER_NUMBER_OBJECT_CONVERSION = YES_AGGRESSIVE;
				CLANG_CXX_LANGUAGE_STANDARD = "gnu++20";
				CLANG_ENABLE_MODULES = YES;
				CLANG_ENABLE_OBJC_ARC = YES;
				CLANG_ENABLE_OBJC_WEAK = YES;
				CLANG_WARN_BLOCK_CAPTURE_AUTORELEASING = YES;
				CLANG_WARN_BOOL_CONVERSION = YES;
				CLANG_WARN_COMMA = YES;
				CLANG_WARN_CONSTANT_CONVERSION = YES;
				CLANG_WARN_DEPRECATED_OBJC_IMPLEMENTATIONS = YES;
				CLANG_WARN_DIRECT_OBJC_ISA_USAGE = YES_ERROR;
				CLANG_WARN_DOCUMENTATION_COMMENTS = YES;
				CLANG_WARN_EMPTY_BODY = YES;
				CLANG_WARN_ENUM_CONVERSION = YES;
				CLANG_WARN_INFINITE_RECURSION = YES;
				CLANG_WARN_INT_CONVERSION = YES;
				CLANG_WARN_NON_LITERAL_NULL_CONVERSION = YES;
				CLANG_WARN_OBJC_IMPLICIT_RETAIN_SELF = YES;
				CLANG_WARN_OBJC_LITERAL_CONVERSION = YES;
				CLANG_WARN_OBJC_ROOT_CLASS = YES_ERROR;
				CLANG_WARN_QUOTED_INCLUDE_IN_FRAMEWORK_HEADER = YES;
				CLANG_WARN_RANGE_LOOP_ANALYSIS = YES;
				CLANG_WARN_STRICT_PROTOTYPES = YES;
				CLANG_WARN_SUSPICIOUS_MOVE = YES;
				CLANG_WARN_UNGUARDED_AVAILABILITY = YES_AGGRESSIVE;
				CLANG_WARN_UNREACHABLE_CODE = YES;
				CLANG_WARN__DUPLICATE_METHOD_MATCH = YES;
				COPY_PHASE_STRIP = NO;
				DEBUG_INFORMATION_FORMAT = "dwarf-with-dsym";
				DEVELOPMENT_TEAM = EQZ4CWF2T4;
				ENABLE_NS_ASSERTIONS = NO;
				ENABLE_STRICT_OBJC_MSGSEND = YES;
				ENABLE_USER_SCRIPT_SANDBOXING = YES;
				GCC_C_LANGUAGE_STANDARD = gnu17;
				GCC_NO_COMMON_BLOCKS = YES;
				GCC_WARN_64_TO_32_BIT_CONVERSION = YES;
				GCC_WARN_ABOUT_RETURN_TYPE = YES_ERROR;
				GCC_WARN_UNDECLARED_SELECTOR = YES;
				GCC_WARN_UNINITIALIZED_AUTOS = YES_AGGRESSIVE;
				GCC_WARN_UNUSED_FUNCTION = YES;
				GCC_WARN_UNUSED_VARIABLE = YES;
				IPHONEOS_DEPLOYMENT_TARGET = 17.0;
				LOCALIZATION_PREFERS_STRING_CATALOGS = YES;
				MTL_ENABLE_DEBUG_INFO = NO;
				MTL_FAST_MATH = YES;
				SDKROOT = iphoneos;
				SWIFT_COMPILATION_MODE = wholemodule;
				VALIDATE_PRODUCT = YES;
			};
			name = Release;
		};
		3F1549372E964C03005F5E80 /* Debug */ = {
			isa = XCBuildConfiguration;
			buildSettings = {
				ASSETCATALOG_COMPILER_APPICON_NAME = AppIcon;
				ASSETCATALOG_COMPILER_GLOBAL_ACCENT_COLOR_NAME = AccentColor;
				CODE_SIGN_STYLE = Automatic;
				CURRENT_PROJECT_VERSION = 1;
				DEVELOPMENT_TEAM = EQZ4CWF2T4;
				ENABLE_PREVIEWS = YES;
				GENERATE_INFOPLIST_FILE = YES;
				INFOPLIST_FILE = frontend/Info.plist;
				INFOPLIST_KEY_UIApplicationSceneManifest_Generation = YES;
				INFOPLIST_KEY_UIApplicationSupportsIndirectInputEvents = YES;
				INFOPLIST_KEY_UILaunchScreen_Generation = YES;
				INFOPLIST_KEY_UISupportedInterfaceOrientations_iPad = "UIInterfaceOrientationPortrait UIInterfaceOrientationPortraitUpsideDown UIInterfaceOrientationLandscapeLeft UIInterfaceOrientationLandscapeRight";
				INFOPLIST_KEY_UISupportedInterfaceOrientations_iPhone = "UIInterfaceOrientationPortrait UIInterfaceOrientationLandscapeLeft UIInterfaceOrientationLandscapeRight";
				LD_RUNPATH_SEARCH_PATHS = (
					"$(inherited)",
					"@executable_path/Frameworks",
				);
				MARKETING_VERSION = 1.0;
				PRODUCT_BUNDLE_IDENTIFIER = jeremy.frontend;
				PRODUCT_NAME = "$(TARGET_NAME)";
				STRING_CATALOG_GENERATE_SYMBOLS = YES;
				SWIFT_APPROACHABLE_CONCURRENCY = YES;
				SWIFT_DEFAULT_ACTOR_ISOLATION = MainActor;
				SWIFT_EMIT_LOC_STRINGS = YES;
				SWIFT_UPCOMING_FEATURE_MEMBER_IMPORT_VISIBILITY = YES;
				SWIFT_VERSION = 5.0;
				TARGETED_DEVICE_FAMILY = "1,2";
			};
			name = Debug;
		};
		3F1549382E964C03005F5E80 /* Release */ = {
			isa = XCBuildConfiguration;
			buildSettings = {
				ASSETCATALOG_COMPILER_APPICON_NAME = AppIcon;
				ASSETCATALOG_COMPILER_GLOBAL_ACCENT_COLOR_NAME = AccentColor;
				CODE_SIGN_STYLE = Automatic;
				CURRENT_PROJECT_VERSION = 1;
				DEVELOPMENT_TEAM = EQZ4CWF2T4;
				ENABLE_PREVIEWS = YES;
				GENERATE_INFOPLIST_FILE = YES;
				INFOPLIST_FILE = frontend/Info.plist;
				INFOPLIST_KEY_UIApplicationSceneManifest_Generation = YES;
				INFOPLIST_KEY_UIApplicationSupportsIndirectInputEvents = YES;
				INFOPLIST_KEY_UILaunchScreen_Generation = YES;
				INFOPLIST_KEY_UISupportedInterfaceOrientations_iPad = "UIInterfaceOrientationPortrait UIInterfaceOrientationPortraitUpsideDown UIInterfaceOrientationLandscapeLeft UIInterfaceOrientationLandscapeRight";
				INFOPLIST_KEY_UISupportedInterfaceOrientations_iPhone = "UIInterfaceOrientationPortrait UIInterfaceOrientationLandscapeLeft UIInterfaceOrientationLandscapeRight";
				LD_RUNPATH_SEARCH_PATHS = (
					"$(inherited)",
					"@executable_path/Frameworks",
				);
				MARKETING_VERSION = 1.0;
				PRODUCT_BUNDLE_IDENTIFIER = jeremy.frontend;
				PRODUCT_NAME = "$(TARGET_NAME)";
				STRING_CATALOG_GENERATE_SYMBOLS = YES;
				SWIFT_APPROACHABLE_CONCURRENCY = YES;
				SWIFT_DEFAULT_ACTOR_ISOLATION = MainActor;
				SWIFT_EMIT_LOC_STRINGS = YES;
				SWIFT_UPCOMING_FEATURE_MEMBER_IMPORT_VISIBILITY = YES;
				SWIFT_VERSION = 5.0;
				TARGETED_DEVICE_FAMILY = "1,2";
			};
			name = Release;
		};
		3F15493A2E964C03005F5E80 /* Debug */ = {
			isa = XCBuildConfiguration;
			buildSettings = {
				BUNDLE_LOADER = "$(TEST_HOST)";
				CODE_SIGN_STYLE = Automatic;
				CURRENT_PROJECT_VERSION = 1;
				DEVELOPMENT_TEAM = EQZ4CWF2T4;
				GENERATE_INFOPLIST_FILE = YES;
				IPHONEOS_DEPLOYMENT_TARGET = 17.0;
				MARKETING_VERSION = 1.0;
				PRODUCT_BUNDLE_IDENTIFIER = jeremy.frontendTests;
				PRODUCT_NAME = "$(TARGET_NAME)";
				STRING_CATALOG_GENERATE_SYMBOLS = NO;
				SWIFT_APPROACHABLE_CONCURRENCY = YES;
				SWIFT_EMIT_LOC_STRINGS = NO;
				SWIFT_UPCOMING_FEATURE_MEMBER_IMPORT_VISIBILITY = YES;
				SWIFT_VERSION = 5.0;
				TARGETED_DEVICE_FAMILY = "1,2";
				TEST_HOST = "$(BUILT_PRODUCTS_DIR)/frontend.app/$(BUNDLE_EXECUTABLE_FOLDER_PATH)/frontend";
			};
			name = Debug;
		};
		3F15493B2E964C03005F5E80 /* Release */ = {
			isa = XCBuildConfiguration;
			buildSettings = {
				BUNDLE_LOADER = "$(TEST_HOST)";
				CODE_SIGN_STYLE = Automatic;
				CURRENT_PROJECT_VERSION = 1;
				DEVELOPMENT_TEAM = EQZ4CWF2T4;
				GENERATE_INFOPLIST_FILE = YES;
				IPHONEOS_DEPLOYMENT_TARGET = 17.0;
				MARKETING_VERSION = 1.0;
				PRODUCT_BUNDLE_IDENTIFIER = jeremy.frontendTests;
				PRODUCT_NAME = "$(TARGET_NAME)";
				STRING_CATALOG_GENERATE_SYMBOLS = NO;
				SWIFT_APPROACHABLE_CONCURRENCY = YES;
				SWIFT_EMIT_LOC_STRINGS = NO;
				SWIFT_UPCOMING_FEATURE_MEMBER_IMPORT_VISIBILITY = YES;
				SWIFT_VERSION = 5.0;
				TARGETED_DEVICE_FAMILY = "1,2";
				TEST_HOST = "$(BUILT_PRODUCTS_DIR)/frontend.app/$(BUNDLE_EXECUTABLE_FOLDER_PATH)/frontend";
			};
			name = Release;
		};
		3F15493D2E964C03005F5E80 /* Debug */ = {
			isa = XCBuildConfiguration;
			buildSettings = {
				CODE_SIGN_STYLE = Automatic;
				CURRENT_PROJECT_VERSION = 1;
				DEVELOPMENT_TEAM = EQZ4CWF2T4;
				GENERATE_INFOPLIST_FILE = YES;
				MARKETING_VERSION = 1.0;
				PRODUCT_BUNDLE_IDENTIFIER = jeremy.frontendUITests;
				PRODUCT_NAME = "$(TARGET_NAME)";
				STRING_CATALOG_GENERATE_SYMBOLS = NO;
				SWIFT_APPROACHABLE_CONCURRENCY = YES;
				SWIFT_EMIT_LOC_STRINGS = NO;
				SWIFT_UPCOMING_FEATURE_MEMBER_IMPORT_VISIBILITY = YES;
				SWIFT_VERSION = 5.0;
				TARGETED_DEVICE_FAMILY = "1,2";
				TEST_TARGET_NAME = frontend;
			};
			name = Debug;
		};
		3F15493E2E964C03005F5E80 /* Release */ = {
			isa = XCBuildConfiguration;
			buildSettings = {
				CODE_SIGN_STYLE = Automatic;
				CURRENT_PROJECT_VERSION = 1;
				DEVELOPMENT_TEAM = EQZ4CWF2T4;
				GENERATE_INFOPLIST_FILE = YES;
				MARKETING_VERSION = 1.0;
				PRODUCT_BUNDLE_IDENTIFIER = jeremy.frontendUITests;
				PRODUCT_NAME = "$(TARGET_NAME)";
				STRING_CATALOG_GENERATE_SYMBOLS = NO;
				SWIFT_APPROACHABLE_CONCURRENCY = YES;
				SWIFT_EMIT_LOC_STRINGS = NO;
				SWIFT_UPCOMING_FEATURE_MEMBER_IMPORT_VISIBILITY = YES;
				SWIFT_VERSION = 5.0;
				TARGETED_DEVICE_FAMILY = "1,2";
				TEST_TARGET_NAME = frontend;
			};
			name = Release;
		};
/* End XCBuildConfiguration section */

/* Begin XCConfigurationList section */
		3F1549102E964C01005F5E80 /* Build configuration list for PBXProject "frontend" */ = {
			isa = XCConfigurationList;
			buildConfigurations = (
				3F1549342E964C03005F5E80 /* Debug */,
				3F1549352E964C03005F5E80 /* Release */,
			);
			defaultConfigurationIsVisible = 0;
			defaultConfigurationName = Release;
		};
		3F1549362E964C03005F5E80 /* Build configuration list for PBXNativeTarget "frontend" */ = {
			isa = XCConfigurationList;
			buildConfigurations = (
				3F1549372E964C03005F5E80 /* Debug */,
				3F1549382E964C03005F5E80 /* Release */,
			);
			defaultConfigurationIsVisible = 0;
			defaultConfigurationName = Release;
		};
		3F1549392E964C03005F5E80 /* Build configuration list for PBXNativeTarget "frontendTests" */ = {
			isa = XCConfigurationList;
			buildConfigurations = (
				3F15493A2E964C03005F5E80 /* Debug */,
				3F15493B2E964C03005F5E80 /* Release */,
			);
			defaultConfigurationIsVisible = 0;
			defaultConfigurationName = Release;
		};
		3F15493C2E964C03005F5E80 /* Build configuration list for PBXNativeTarget "frontendUITests" */ = {
			isa = XCConfigurationList;
			buildConfigurations = (
				3F15493D2E964C03005F5E80 /* Debug */,
				3F15493E2E964C03005F5E80 /* Release */,
			);
			defaultConfigurationIsVisible = 0;
			defaultConfigurationName = Release;
		};
/* End XCConfigurationList section */

/* Begin XCRemoteSwiftPackageReference section */
		79F38CAD2E96A65000C02A91 /* XCRemoteSwiftPackageReference "firebase-ios-sdk" */ = {
			isa = XCRemoteSwiftPackageReference;
			repositoryURL = "https://github.com/firebase/firebase-ios-sdk";
			requirement = {
				kind = upToNextMajorVersion;
				minimumVersion = 12.4.0;
			};
		};
/* End XCRemoteSwiftPackageReference section */

/* Begin XCSwiftPackageProductDependency section */
		79F38CAE2E96A65000C02A91 /* FirebaseAuth */ = {
			isa = XCSwiftPackageProductDependency;
			package = 79F38CAD2E96A65000C02A91 /* XCRemoteSwiftPackageReference "firebase-ios-sdk" */;
			productName = FirebaseAuth;
		};
		79F38CB02E96A65000C02A91 /* FirebaseAuthCombine-Community */ = {
			isa = XCSwiftPackageProductDependency;
			package = 79F38CAD2E96A65000C02A91 /* XCRemoteSwiftPackageReference "firebase-ios-sdk" */;
			productName = "FirebaseAuthCombine-Community";
		};
		79F38CB22E96A65000C02A91 /* FirebaseDatabase */ = {
			isa = XCSwiftPackageProductDependency;
			package = 79F38CAD2E96A65000C02A91 /* XCRemoteSwiftPackageReference "firebase-ios-sdk" */;
			productName = FirebaseDatabase;
		};
		79F38CB42E96A65000C02A91 /* FirebaseFirestore */ = {
			isa = XCSwiftPackageProductDependency;
			package = 79F38CAD2E96A65000C02A91 /* XCRemoteSwiftPackageReference "firebase-ios-sdk" */;
			productName = FirebaseFirestore;
		};
		79F38CB62E96A65000C02A91 /* FirebaseInAppMessaging-Beta */ = {
			isa = XCSwiftPackageProductDependency;
			package = 79F38CAD2E96A65000C02A91 /* XCRemoteSwiftPackageReference "firebase-ios-sdk" */;
			productName = "FirebaseInAppMessaging-Beta";
		};
		79F38CB82E96A65000C02A91 /* FirebaseMessaging */ = {
			isa = XCSwiftPackageProductDependency;
			package = 79F38CAD2E96A65000C02A91 /* XCRemoteSwiftPackageReference "firebase-ios-sdk" */;
			productName = FirebaseMessaging;
		};
		79F38CBA2E96A74100C02A91 /* FirebaseAnalytics */ = {
			isa = XCSwiftPackageProductDependency;
			package = 79F38CAD2E96A65000C02A91 /* XCRemoteSwiftPackageReference "firebase-ios-sdk" */;
			productName = FirebaseAnalytics;
		};
/* End XCSwiftPackageProductDependency section */
	};
	rootObject = 3F15490D2E964C01005F5E80 /* Project object */;
}
